
Microsoft Visual Studio Solution File, Format Version 12.00
# Visual Studio Version 17
VisualStudioVersion = 17.0.32014.148
MinimumVisualStudioVersion = 10.0.40219.1
Project("{FAE04EC0-301F-11D3-BF4B-00C04F79EFBC}") = "Order", "Order\Order.csproj", "{DABE579D-6980-43E3-9834-980D1D9ADF65}"
EndProject
Global
	GlobalSection(SolutionConfigurationPlatforms) = preSolution
		Debug|Any CPU = Debug|Any CPU
		Release|Any CPU = Release|Any CPU
	EndGlobalSection
	GlobalSection(ProjectConfigurationPlatforms) = postSolution
		{DABE579D-6980-43E3-9834-980D1D9ADF65}.Debug|Any CPU.ActiveCfg = Debug|Any CPU
		{DABE579D-6980-43E3-9834-980D1D9ADF65}.Debug|Any CPU.Build.0 = Debug|Any CPU
		{DABE579D-6980-43E3-9834-980D1D9ADF65}.Release|Any CPU.ActiveCfg = Release|Any CPU
		{DABE579D-6980-43E3-9834-980D1D9ADF65}.Release|Any CPU.Build.0 = Release|Any CPU
	EndGlobalSection
	GlobalSection(SolutionProperties) = preSolution
		HideSolutionNode = FALSE
	EndGlobalSection
	GlobalSection(ExtensibilityGlobals) = postSolution
		SolutionGuid = {A3934EA3-F9DE-40CD-94B5-B5AB984F7C39}
	EndGlobalSection
EndGlobal
